// !$*UTF8*$!
{
	archiveVersion = 1;
	classes = {
	};
	objectVersion = 56;
	objects = {

/* Begin PBXBuildFile section */
		APP001 /* LongevityApp.swift in Sources */ = {isa = PBXBuildFile; fileRef = SRC001; };
		APP002 /* ContentView.swift in Sources */ = {isa = PBXBuildFile; fileRef = SRC002; };
		APP003 /* Assets.xcassets in Resources */ = {isa = PBXBuildFile; fileRef = RES001; };
		APP004 /* DashboardView.swift in Sources */ = {isa = PBXBuildFile; fileRef = SRC003; };
		APP005 /* ReadinessScore.swift in Sources */ = {isa = PBXBuildFile; fileRef = SRC004; };
		APP006 /* HealthKitManager.swift in Sources */ = {isa = PBXBuildFile; fileRef = SRC005; };
		APP007 /* DataModels.swift in Sources */ = {isa = PBXBuildFile; fileRef = SRC006; };
		APP008 /* SupplementView.swift in Sources */ = {isa = PBXBuildFile; fileRef = SRC007; };
		APP009 /* BiomarkerView.swift in Sources */ = {isa = PBXBuildFile; fileRef = SRC008; };
		APP010 /* SettingsView.swift in Sources */ = {isa = PBXBuildFile; fileRef = SRC009; };
		APP011 /* ScoringEngine.swift in Sources */ = {isa = PBXBuildFile; fileRef = SRC010; };
		APP012 /* DataStore.swift in Sources */ = {isa = PBXBuildFile; fileRef = SRC011; };
		/* v1.0 Files */
		APP013 /* CGMManager.swift in Sources */ = {isa = PBXBuildFile; fileRef = SRC012; };
		APP014 /* OCRService.swift in Sources */ = {isa = PBXBuildFile; fileRef = SRC013; };
		APP015 /* BiologicalAgeCalculator.swift in Sources */ = {isa = PBXBuildFile; fileRef = SRC014; };
		APP016 /* FoodAnalysisService.swift in Sources */ = {isa = PBXBuildFile; fileRef = SRC015; };
		APP017 /* GlucoseView.swift in Sources */ = {isa = PBXBuildFile; fileRef = SRC016; };
		APP018 /* LabUploadView.swift in Sources */ = {isa = PBXBuildFile; fileRef = SRC017; };
		APP019 /* BiologicalAgeView.swift in Sources */ = {isa = PBXBuildFile; fileRef = SRC018; };
		APP020 /* NutritionView.swift in Sources */ = {isa = PBXBuildFile; fileRef = SRC019; };
		/* v2.0 Files */
		APP021 /* ExperimentEngine.swift in Sources */ = {isa = PBXBuildFile; fileRef = SRC020; };
		APP022 /* WatchSyncManager.swift in Sources */ = {isa = PBXBuildFile; fileRef = SRC021; };
		APP023 /* Zone2Coach.swift in Sources */ = {isa = PBXBuildFile; fileRef = SRC022; };
		APP024 /* ExperimentView.swift in Sources */ = {isa = PBXBuildFile; fileRef = SRC023; };
		APP025 /* LongevityHorizonView.swift in Sources */ = {isa = PBXBuildFile; fileRef = SRC024; };
		/* Watch App Files */
		WATCH001 /* LongevityWatchApp.swift in Sources */ = {isa = PBXBuildFile; fileRef = WSRC001; };
		WATCH002 /* WatchContentView.swift in Sources */ = {isa = PBXBuildFile; fileRef = WSRC002; };
		WATCH003 /* ReadinessComplication.swift in Sources */ = {isa = PBXBuildFile; fileRef = WSRC003; };
		WATCH004 /* Assets.xcassets in Resources */ = {isa = PBXBuildFile; fileRef = WRES001; };
/* End PBXBuildFile section */

/* Begin PBXFileReference section */
		PROD001 /* Longevity.app */ = {isa = PBXFileReference; explicitFileType = wrapper.application; includeInIndex = 0; path = Longevity.app; sourceTree = BUILT_PRODUCTS_DIR; };
		SRC001 /* LongevityApp.swift */ = {isa = PBXFileReference; lastKnownFileType = sourcecode.swift; path = LongevityApp.swift; sourceTree = "<group>"; };
		SRC002 /* ContentView.swift */ = {isa = PBXFileReference; lastKnownFileType = sourcecode.swift; path = ContentView.swift; sourceTree = "<group>"; };
		SRC003 /* DashboardView.swift */ = {isa = PBXFileReference; lastKnownFileType = sourcecode.swift; path = DashboardView.swift; sourceTree = "<group>"; };
		SRC004 /* ReadinessScore.swift */ = {isa = PBXFileReference; lastKnownFileType = sourcecode.swift; path = ReadinessScore.swift; sourceTree = "<group>"; };
		SRC005 /* HealthKitManager.swift */ = {isa = PBXFileReference; lastKnownFileType = sourcecode.swift; path = HealthKitManager.swift; sourceTree = "<group>"; };
		SRC006 /* DataModels.swift */ = {isa = PBXFileReference; lastKnownFileType = sourcecode.swift; path = DataModels.swift; sourceTree = "<group>"; };
		SRC007 /* SupplementView.swift */ = {isa = PBXFileReference; lastKnownFileType = sourcecode.swift; path = SupplementView.swift; sourceTree = "<group>"; };
		SRC008 /* BiomarkerView.swift */ = {isa = PBXFileReference; lastKnownFileType = sourcecode.swift; path = BiomarkerView.swift; sourceTree = "<group>"; };
		SRC009 /* SettingsView.swift */ = {isa = PBXFileReference; lastKnownFileType = sourcecode.swift; path = SettingsView.swift; sourceTree = "<group>"; };
		SRC010 /* ScoringEngine.swift */ = {isa = PBXFileReference; lastKnownFileType = sourcecode.swift; path = ScoringEngine.swift; sourceTree = "<group>"; };
		SRC011 /* DataStore.swift */ = {isa = PBXFileReference; lastKnownFileType = sourcecode.swift; path = DataStore.swift; sourceTree = "<group>"; };
		/* v1.0 File References */
		SRC012 /* CGMManager.swift */ = {isa = PBXFileReference; lastKnownFileType = sourcecode.swift; path = CGMManager.swift; sourceTree = "<group>"; };
		SRC013 /* OCRService.swift */ = {isa = PBXFileReference; lastKnownFileType = sourcecode.swift; path = OCRService.swift; sourceTree = "<group>"; };
		SRC014 /* BiologicalAgeCalculator.swift */ = {isa = PBXFileReference; lastKnownFileType = sourcecode.swift; path = BiologicalAgeCalculator.swift; sourceTree = "<group>"; };
		SRC015 /* FoodAnalysisService.swift */ = {isa = PBXFileReference; lastKnownFileType = sourcecode.swift; path = FoodAnalysisService.swift; sourceTree = "<group>"; };
		SRC016 /* GlucoseView.swift */ = {isa = PBXFileReference; lastKnownFileType = sourcecode.swift; path = GlucoseView.swift; sourceTree = "<group>"; };
		SRC017 /* LabUploadView.swift */ = {isa = PBXFileReference; lastKnownFileType = sourcecode.swift; path = LabUploadView.swift; sourceTree = "<group>"; };
		SRC018 /* BiologicalAgeView.swift */ = {isa = PBXFileReference; lastKnownFileType = sourcecode.swift; path = BiologicalAgeView.swift; sourceTree = "<group>"; };
		SRC019 /* NutritionView.swift */ = {isa = PBXFileReference; lastKnownFileType = sourcecode.swift; path = NutritionView.swift; sourceTree = "<group>"; };
		/* v2.0 File References */
		SRC020 /* ExperimentEngine.swift */ = {isa = PBXFileReference; lastKnownFileType = sourcecode.swift; path = ExperimentEngine.swift; sourceTree = "<group>"; };
		SRC021 /* WatchSyncManager.swift */ = {isa = PBXFileReference; lastKnownFileType = sourcecode.swift; path = WatchSyncManager.swift; sourceTree = "<group>"; };
		SRC022 /* Zone2Coach.swift */ = {isa = PBXFileReference; lastKnownFileType = sourcecode.swift; path = Zone2Coach.swift; sourceTree = "<group>"; };
		SRC023 /* ExperimentView.swift */ = {isa = PBXFileReference; lastKnownFileType = sourcecode.swift; path = ExperimentView.swift; sourceTree = "<group>"; };
		SRC024 /* LongevityHorizonView.swift */ = {isa = PBXFileReference; lastKnownFileType = sourcecode.swift; path = LongevityHorizonView.swift; sourceTree = "<group>"; };
		/* Resources and Entitlements */
		RES001 /* Assets.xcassets */ = {isa = PBXFileReference; lastKnownFileType = folder.assetcatalog; path = Assets.xcassets; sourceTree = "<group>"; };
		ENT001 /* Longevity.entitlements */ = {isa = PBXFileReference; lastKnownFileType = text.plist.entitlements; path = Longevity.entitlements; sourceTree = "<group>"; };
		/* Watch App References */
		WPROD001 /* Longevity Watch App.app */ = {isa = PBXFileReference; explicitFileType = wrapper.application; includeInIndex = 0; path = "Longevity Watch App.app"; sourceTree = BUILT_PRODUCTS_DIR; };
		WSRC001 /* LongevityWatchApp.swift */ = {isa = PBXFileReference; lastKnownFileType = sourcecode.swift; path = LongevityWatchApp.swift; sourceTree = "<group>"; };
		WSRC002 /* WatchContentView.swift */ = {isa = PBXFileReference; lastKnownFileType = sourcecode.swift; path = WatchContentView.swift; sourceTree = "<group>"; };
		WSRC003 /* ReadinessComplication.swift */ = {isa = PBXFileReference; lastKnownFileType = sourcecode.swift; path = ReadinessComplication.swift; sourceTree = "<group>"; };
		WRES001 /* Assets.xcassets */ = {isa = PBXFileReference; lastKnownFileType = folder.assetcatalog; path = Assets.xcassets; sourceTree = "<group>"; };
		WENT001 /* Longevity Watch App.entitlements */ = {isa = PBXFileReference; lastKnownFileType = text.plist.entitlements; path = "Longevity Watch App.entitlements"; sourceTree = "<group>"; };
/* End PBXFileReference section */

/* Begin PBXGroup section */
		ROOT /* = */ = {
			isa = PBXGroup;
			children = (
				GRP001 /* Longevity */,
				GRP002 /* Longevity Watch App */,
				PRODUCTS /* Products */,
			);
			sourceTree = "<group>";
		};
		PRODUCTS /* Products */ = {
			isa = PBXGroup;
			children = (
				PROD001 /* Longevity.app */,
				WPROD001 /* Longevity Watch App.app */,
			);
			name = Products;
			sourceTree = "<group>";
		};
		GRP001 /* Longevity */ = {
			isa = PBXGroup;
			children = (
				SRC001 /* LongevityApp.swift */,
				SRC002 /* ContentView.swift */,
				VIEWS /* Views */,
				MODELS /* Models */,
				SERVICES /* Services */,
				RES001 /* Assets.xcassets */,
				ENT001 /* Longevity.entitlements */,
			);
			path = Longevity;
			sourceTree = "<group>";
		};
		VIEWS /* Views */ = {
			isa = PBXGroup;
			children = (
				SRC003 /* DashboardView.swift */,
				SRC004 /* ReadinessScore.swift */,
				SRC007 /* SupplementView.swift */,
				SRC008 /* BiomarkerView.swift */,
				SRC009 /* SettingsView.swift */,
				SRC016 /* GlucoseView.swift */,
				SRC017 /* LabUploadView.swift */,
				SRC018 /* BiologicalAgeView.swift */,
				SRC019 /* NutritionView.swift */,
				SRC023 /* ExperimentView.swift */,
				SRC024 /* LongevityHorizonView.swift */,
			);
			path = Views;
			sourceTree = "<group>";
		};
		MODELS /* Models */ = {
			isa = PBXGroup;
			children = (
				SRC006 /* DataModels.swift */,
			);
			path = Models;
			sourceTree = "<group>";
		};
		SERVICES /* Services */ = {
			isa = PBXGroup;
			children = (
				SRC005 /* HealthKitManager.swift */,
				SRC010 /* ScoringEngine.swift */,
				SRC011 /* DataStore.swift */,
				SRC012 /* CGMManager.swift */,
				SRC013 /* OCRService.swift */,
				SRC014 /* BiologicalAgeCalculator.swift */,
				SRC015 /* FoodAnalysisService.swift */,
				SRC020 /* ExperimentEngine.swift */,
				SRC021 /* WatchSyncManager.swift */,
				SRC022 /* Zone2Coach.swift */,
			);
			path = Services;
			sourceTree = "<group>";
		};
		GRP002 /* Longevity Watch App */ = {
			isa = PBXGroup;
			children = (
				WSRC001 /* LongevityWatchApp.swift */,
				WSRC002 /* WatchContentView.swift */,
				WSRC003 /* ReadinessComplication.swift */,
				WRES001 /* Assets.xcassets */,
				WENT001 /* Longevity Watch App.entitlements */,
			);
			path = "Longevity Watch App";
			sourceTree = "<group>";
		};
/* End PBXGroup section */

/* Begin PBXNativeTarget section */
		TARGET001 /* Longevity */ = {
			isa = PBXNativeTarget;
			buildConfigurationList = CFGLIST001;
			buildPhases = (
				PHASE001 /* Sources */,
				PHASE002 /* Resources */,
			);
			buildRules = (
			);
			dependencies = (
			);
			name = Longevity;
			productName = Longevity;
			productReference = PROD001;
			productType = "com.apple.product-type.application";
		};
		TARGET002 /* Longevity Watch App */ = {
			isa = PBXNativeTarget;
			buildConfigurationList = CFGLIST002;
			buildPhases = (
				WPHASE001 /* Sources */,
				WPHASE002 /* Resources */,
			);
			buildRules = (
			);
			dependencies = (
			);
			name = "Longevity Watch App";
			productName = "Longevity Watch App";
			productReference = WPROD001;
			productType = "com.apple.product-type.application";
		};
/* End PBXNativeTarget section */

/* Begin PBXProject section */
		PROJECT001 /* Project object */ = {
			isa = PBXProject;
			attributes = {
				BuildIndependentTargetsInParallel = 1;
				LastSwiftUpdateCheck = 1500;
				LastUpgradeCheck = 1500;
				TargetAttributes = {
					TARGET001 = {
						CreatedOnToolsVersion = 15.0;
					};
					TARGET002 = {
						CreatedOnToolsVersion = 15.0;
					};
				};
			};
			buildConfigurationList = CFGLIST003;
			compatibilityVersion = "Xcode 14.0";
			developmentRegion = en;
			hasScannedForEncodings = 0;
			knownRegions = (
				en,
				Base,
			);
			mainGroup = ROOT;
			productRefGroup = PRODUCTS;
			projectDirPath = "";
			projectRoot = "";
			targets = (
				TARGET001,
				TARGET002,
			);
		};
/* End PBXProject section */

/* Begin PBXSourcesBuildPhase section */
		PHASE001 /* Sources */ = {
			isa = PBXSourcesBuildPhase;
			buildActionMask = 2147483647;
			files = (
				APP001,
				APP002,
				APP004,
				APP005,
				APP006,
				APP007,
				APP008,
				APP009,
				APP010,
				APP011,
				APP012,
				APP013,
				APP014,
				APP015,
				APP016,
				APP017,
				APP018,
				APP019,
				APP020,
				APP021,
				APP022,
				APP023,
				APP024,
				APP025,
			);
			runOnlyForDeploymentPostprocessing = 0;
		};
		WPHASE001 /* Sources */ = {
			isa = PBXSourcesBuildPhase;
			buildActionMask = 2147483647;
			files = (
				WATCH001,
				WATCH002,
				WATCH003,
			);
			runOnlyForDeploymentPostprocessing = 0;
		};
/* End PBXSourcesBuildPhase section */

/* Begin PBXResourcesBuildPhase section */
		PHASE002 /* Resources */ = {
			isa = PBXResourcesBuildPhase;
			buildActionMask = 2147483647;
			files = (
				APP003,
			);
			runOnlyForDeploymentPostprocessing = 0;
		};
		WPHASE002 /* Resources */ = {
			isa = PBXResourcesBuildPhase;
			buildActionMask = 2147483647;
			files = (
				WATCH004,
			);
			runOnlyForDeploymentPostprocessing = 0;
		};
/* End PBXResourcesBuildPhase section */

/* Begin XCBuildConfiguration section */
		CFG001 /* Debug */ = {
			isa = XCBuildConfiguration;
			buildSettings = {
				ALWAYS_SEARCH_USER_PATHS = NO;
				ASSETCATALOG_COMPILER_GENERATE_SWIFT_ASSET_SYMBOL_EXTENSIONS = YES;
				CLANG_CXX_LANGUAGE_STANDARD = "gnu++20";
				CLANG_ENABLE_MODULES = YES;
				CLANG_ENABLE_OBJC_ARC = YES;
				CLANG_WARN_BLOCK_CAPTURE_AUTORELEASING = YES;
				CLANG_WARN_BOOL_CONVERSION = YES;
				CLANG_WARN_COMMA = YES;
				CLANG_WARN_CONSTANT_CONVERSION = YES;
				CLANG_WARN_DEPRECATED_OBJC_IMPLEMENTATIONS = YES;
				CLANG_WARN_DIRECT_OBJC_ISA_USAGE = YES_ERROR;
				CLANG_WARN_DOCUMENTATION_COMMENTS = YES;
				CLANG_WARN_EMPTY_BODY = YES;
				CLANG_WARN_ENUM_CONVERSION = YES;
				CLANG_WARN_INFINITE_RECURSION = YES;
				CLANG_WARN_INT_CONVERSION = YES;
				CLANG_WARN_NON_LITERAL_NULL_CONVERSION = YES;
				CLANG_WARN_OBJC_IMPLICIT_RETAIN_SELF = YES;
				CLANG_WARN_OBJC_LITERAL_CONVERSION = YES;
				CLANG_WARN_OBJC_ROOT_CLASS = YES_ERROR;
				CLANG_WARN_QUOTED_INCLUDE_IN_FRAMEWORK_HEADER = YES;
				CLANG_WARN_RANGE_LOOP_ANALYSIS = YES;
				CLANG_WARN_STRICT_PROTOTYPES = YES;
				CLANG_WARN_SUSPICIOUS_MOVE = YES;
				CLANG_WARN_UNGUARDED_AVAILABILITY = YES_AGGRESSIVE;
				CLANG_WARN_UNREACHABLE_CODE = YES;
				CLANG_WARN__DUPLICATE_METHOD_MATCH = YES;
				COPY_PHASE_STRIP = NO;
				DEBUG_INFORMATION_FORMAT = dwarf;
				ENABLE_STRICT_OBJC_MSGSEND = YES;
				ENABLE_TESTABILITY = YES;
				GCC_DYNAMIC_NO_PIC = NO;
				GCC_NO_COMMON_BLOCKS = YES;
				GCC_OPTIMIZATION_LEVEL = 0;
				GCC_PREPROCESSOR_DEFINITIONS = (
					"DEBUG=1",
					"$(inherited)",
				);
				GCC_WARN_64_TO_32_BIT_CONVERSION = YES;
				GCC_WARN_ABOUT_RETURN_TYPE = YES_ERROR;
				GCC_WARN_UNDECLARED_SELECTOR = YES;
				GCC_WARN_UNINITIALIZED_AUTOS = YES_AGGRESSIVE;
				GCC_WARN_UNUSED_FUNCTION = YES;
				GCC_WARN_UNUSED_VARIABLE = YES;
				MTL_ENABLE_DEBUG_INFO = INCLUDE_SOURCE;
				MTL_FAST_MATH = YES;
				ONLY_ACTIVE_ARCH = YES;
				SWIFT_ACTIVE_COMPILATION_CONDITIONS = DEBUG;
				SWIFT_OPTIMIZATION_LEVEL = "-Onone";
			};
			name = Debug;
		};
		CFG002 /* Release */ = {
			isa = XCBuildConfiguration;
			buildSettings = {
				ALWAYS_SEARCH_USER_PATHS = NO;
				ASSETCATALOG_COMPILER_GENERATE_SWIFT_ASSET_SYMBOL_EXTENSIONS = YES;
				CLANG_CXX_LANGUAGE_STANDARD = "gnu++20";
				CLANG_ENABLE_MODULES = YES;
				CLANG_ENABLE_OBJC_ARC = YES;
				CLANG_WARN_BLOCK_CAPTURE_AUTORELEASING = YES;
				CLANG_WARN_BOOL_CONVERSION = YES;
				CLANG_WARN_COMMA = YES;
				CLANG_WARN_CONSTANT_CONVERSION = YES;
				CLANG_WARN_DEPRECATED_OBJC_IMPLEMENTATIONS = YES;
				CLANG_WARN_DIRECT_OBJC_ISA_USAGE = YES_ERROR;
				CLANG_WARN_DOCUMENTATION_COMMENTS = YES;
				CLANG_WARN_EMPTY_BODY = YES;
				CLANG_WARN_ENUM_CONVERSION = YES;
				CLANG_WARN_INFINITE_RECURSION = YES;
				CLANG_WARN_INT_CONVERSION = YES;
				CLANG_WARN_NON_LITERAL_NULL_CONVERSION = YES;
				CLANG_WARN_OBJC_IMPLICIT_RETAIN_SELF = YES;
				CLANG_WARN_OBJC_LITERAL_CONVERSION = YES;
				CLANG_WARN_OBJC_ROOT_CLASS = YES_ERROR;
				CLANG_WARN_QUOTED_INCLUDE_IN_FRAMEWORK_HEADER = YES;
				CLANG_WARN_RANGE_LOOP_ANALYSIS = YES;
				CLANG_WARN_STRICT_PROTOTYPES = YES;
				CLANG_WARN_SUSPICIOUS_MOVE = YES;
				CLANG_WARN_UNGUARDED_AVAILABILITY = YES_AGGRESSIVE;
				CLANG_WARN_UNREACHABLE_CODE = YES;
				CLANG_WARN__DUPLICATE_METHOD_MATCH = YES;
				COPY_PHASE_STRIP = NO;
				DEBUG_INFORMATION_FORMAT = "dwarf-with-dsym";
				ENABLE_NS_ASSERTIONS = NO;
				ENABLE_STRICT_OBJC_MSGSEND = YES;
				GCC_NO_COMMON_BLOCKS = YES;
				GCC_WARN_64_TO_32_BIT_CONVERSION = YES;
				GCC_WARN_ABOUT_RETURN_TYPE = YES_ERROR;
				GCC_WARN_UNDECLARED_SELECTOR = YES;
				GCC_WARN_UNINITIALIZED_AUTOS = YES_AGGRESSIVE;
				GCC_WARN_UNUSED_FUNCTION = YES;
				GCC_WARN_UNUSED_VARIABLE = YES;
				MTL_ENABLE_DEBUG_INFO = NO;
				MTL_FAST_MATH = YES;
				SWIFT_COMPILATION_MODE = wholemodule;
				SWIFT_OPTIMIZATION_LEVEL = "-O";
			};
			name = Release;
		};
		TCFG001 /* Debug */ = {
			isa = XCBuildConfiguration;
			buildSettings = {
				ASSETCATALOG_COMPILER_APPICON_NAME = AppIcon;
				ASSETCATALOG_COMPILER_GLOBAL_ACCENT_COLOR_NAME = AccentColor;
				CODE_SIGN_ENTITLEMENTS = Longevity/Longevity.entitlements;
				CODE_SIGN_STYLE = Automatic;
				CURRENT_PROJECT_VERSION = 1;
				DEVELOPMENT_TEAM = "";
				GENERATE_INFOPLIST_FILE = YES;
				INFOPLIST_KEY_CFBundleDisplayName = Longevity;
				INFOPLIST_KEY_NSHealthShareUsageDescription = "Longevity needs access to your health data to calculate readiness scores and track your wellness metrics.";
				INFOPLIST_KEY_NSHealthUpdateUsageDescription = "Longevity can save your logged data to Apple Health for a unified health record.";
				INFOPLIST_KEY_NSCameraUsageDescription = "Longevity uses the camera to scan food for nutrition analysis.";
				INFOPLIST_KEY_NSPhotoLibraryUsageDescription = "Longevity needs photo access to analyze food images and lab reports.";
				INFOPLIST_KEY_UIApplicationSceneManifest_Generation = YES;
				INFOPLIST_KEY_UIApplicationSupportsIndirectInputEvents = YES;
				INFOPLIST_KEY_UILaunchScreen_Generation = YES;
				INFOPLIST_KEY_UISupportedInterfaceOrientations_iPad = "UIInterfaceOrientationPortrait UIInterfaceOrientationPortraitUpsideDown UIInterfaceOrientationLandscapeLeft UIInterfaceOrientationLandscapeRight";
				INFOPLIST_KEY_UISupportedInterfaceOrientations_iPhone = "UIInterfaceOrientationPortrait UIInterfaceOrientationLandscapeLeft UIInterfaceOrientationLandscapeRight";
				IPHONEOS_DEPLOYMENT_TARGET = 17.0;
				LD_RUNPATH_SEARCH_PATHS = "@executable_path/Frameworks";
				MARKETING_VERSION = 1.0;
				PRODUCT_BUNDLE_IDENTIFIER = com.longevity.app;
				PRODUCT_NAME = "$(TARGET_NAME)";
				SDKROOT = iphoneos;
				SWIFT_EMIT_LOC_STRINGS = YES;
				SWIFT_VERSION = 5.0;
				TARGETED_DEVICE_FAMILY = "1,2";
			};
			name = Debug;
		};
		TCFG002 /* Release */ = {
			isa = XCBuildConfiguration;
			buildSettings = {
				ASSETCATALOG_COMPILER_APPICON_NAME = AppIcon;
				ASSETCATALOG_COMPILER_GLOBAL_ACCENT_COLOR_NAME = AccentColor;
				CODE_SIGN_ENTITLEMENTS = Longevity/Longevity.entitlements;
				CODE_SIGN_STYLE = Automatic;
				CURRENT_PROJECT_VERSION = 1;
				DEVELOPMENT_TEAM = "";
				GENERATE_INFOPLIST_FILE = YES;
				INFOPLIST_KEY_CFBundleDisplayName = Longevity;
				INFOPLIST_KEY_NSHealthShareUsageDescription = "Longevity needs access to your health data to calculate readiness scores and track your wellness metrics.";
				INFOPLIST_KEY_NSHealthUpdateUsageDescription = "Longevity can save your logged data to Apple Health for a unified health record.";
				INFOPLIST_KEY_NSCameraUsageDescription = "Longevity uses the camera to scan food for nutrition analysis.";
				INFOPLIST_KEY_NSPhotoLibraryUsageDescription = "Longevity needs photo access to analyze food images and lab reports.";
				INFOPLIST_KEY_UIApplicationSceneManifest_Generation = YES;
				INFOPLIST_KEY_UIApplicationSupportsIndirectInputEvents = YES;
				INFOPLIST_KEY_UILaunchScreen_Generation = YES;
				INFOPLIST_KEY_UISupportedInterfaceOrientations_iPad = "UIInterfaceOrientationPortrait UIInterfaceOrientationPortraitUpsideDown UIInterfaceOrientationLandscapeLeft UIInterfaceOrientationLandscapeRight";
				INFOPLIST_KEY_UISupportedInterfaceOrientations_iPhone = "UIInterfaceOrientationPortrait UIInterfaceOrientationLandscapeLeft UIInterfaceOrientationLandscapeRight";
				IPHONEOS_DEPLOYMENT_TARGET = 17.0;
				LD_RUNPATH_SEARCH_PATHS = "@executable_path/Frameworks";
				MARKETING_VERSION = 1.0;
				PRODUCT_BUNDLE_IDENTIFIER = com.longevity.app;
				PRODUCT_NAME = "$(TARGET_NAME)";
				SDKROOT = iphoneos;
				SWIFT_EMIT_LOC_STRINGS = YES;
				SWIFT_VERSION = 5.0;
				TARGETED_DEVICE_FAMILY = "1,2";
				VALIDATE_PRODUCT = YES;
			};
			name = Release;
		};
		WTCFG001 /* Debug */ = {
			isa = XCBuildConfiguration;
			buildSettings = {
				ASSETCATALOG_COMPILER_APPICON_NAME = AppIcon;
				ASSETCATALOG_COMPILER_GLOBAL_ACCENT_COLOR_NAME = AccentColor;
				CODE_SIGN_ENTITLEMENTS = "Longevity Watch App/Longevity Watch App.entitlements";
				CODE_SIGN_STYLE = Automatic;
				CURRENT_PROJECT_VERSION = 1;
				DEVELOPMENT_TEAM = "";
				GENERATE_INFOPLIST_FILE = YES;
				INFOPLIST_KEY_CFBundleDisplayName = Longevity;
				INFOPLIST_KEY_NSHealthShareUsageDescription = "Longevity needs access to your health data to display readiness scores.";
				INFOPLIST_KEY_UISupportedInterfaceOrientations = "UIInterfaceOrientationPortrait UIInterfaceOrientationPortraitUpsideDown";
				INFOPLIST_KEY_WKCompanionAppBundleIdentifier = com.longevity.app;
				LD_RUNPATH_SEARCH_PATHS = "@executable_path/Frameworks";
				MARKETING_VERSION = 1.0;
				PRODUCT_BUNDLE_IDENTIFIER = com.longevity.app.watchkitapp;
				PRODUCT_NAME = "$(TARGET_NAME)";
				SDKROOT = watchos;
				SKIP_INSTALL = YES;
				SWIFT_EMIT_LOC_STRINGS = YES;
				SWIFT_VERSION = 5.0;
				TARGETED_DEVICE_FAMILY = 4;
				WATCHOS_DEPLOYMENT_TARGET = 10.0;
			};
			name = Debug;
		};
		WTCFG002 /* Release */ = {
			isa = XCBuildConfiguration;
			buildSettings = {
				ASSETCATALOG_COMPILER_APPICON_NAME = AppIcon;
				ASSETCATALOG_COMPILER_GLOBAL_ACCENT_COLOR_NAME = AccentColor;
				CODE_SIGN_ENTITLEMENTS = "Longevity Watch App/Longevity Watch App.entitlements";
				CODE_SIGN_STYLE = Automatic;
				CURRENT_PROJECT_VERSION = 1;
				DEVELOPMENT_TEAM = "";
				GENERATE_INFOPLIST_FILE = YES;
				INFOPLIST_KEY_CFBundleDisplayName = Longevity;
				INFOPLIST_KEY_NSHealthShareUsageDescription = "Longevity needs access to your health data to display readiness scores.";
				INFOPLIST_KEY_UISupportedInterfaceOrientations = "UIInterfaceOrientationPortrait UIInterfaceOrientationPortraitUpsideDown";
				INFOPLIST_KEY_WKCompanionAppBundleIdentifier = com.longevity.app;
				LD_RUNPATH_SEARCH_PATHS = "@executable_path/Frameworks";
				MARKETING_VERSION = 1.0;
				PRODUCT_BUNDLE_IDENTIFIER = com.longevity.app.watchkitapp;
				PRODUCT_NAME = "$(TARGET_NAME)";
				SDKROOT = watchos;
				SKIP_INSTALL = YES;
				SWIFT_EMIT_LOC_STRINGS = YES;
				SWIFT_VERSION = 5.0;
				TARGETED_DEVICE_FAMILY = 4;
				VALIDATE_PRODUCT = YES;
				WATCHOS_DEPLOYMENT_TARGET = 10.0;
			};
			name = Release;
		};
/* End XCBuildConfiguration section */

/* Begin XCConfigurationList section */
		CFGLIST001 /* Build configuration list for PBXNativeTarget "Longevity" */ = {
			isa = XCConfigurationList;
			buildConfigurations = (
				TCFG001,
				TCFG002,
			);
			defaultConfigurationIsVisible = 0;
			defaultConfigurationName = Release;
		};
		CFGLIST002 /* Build configuration list for PBXNativeTarget "Longevity Watch App" */ = {
			isa = XCConfigurationList;
			buildConfigurations = (
				WTCFG001,
				WTCFG002,
			);
			defaultConfigurationIsVisible = 0;
			defaultConfigurationName = Release;
		};
		CFGLIST003 /* Build configuration list for PBXProject "Longevity" */ = {
			isa = XCConfigurationList;
			buildConfigurations = (
				CFG001,
				CFG002,
			);
			defaultConfigurationIsVisible = 0;
			defaultConfigurationName = Release;
		};
/* End XCConfigurationList section */
	};
	rootObject = PROJECT001;
}
